
Microsoft Visual Studio Solution File, Format Version 12.00
# Visual Studio Version 17
VisualStudioVersion = 17.9.34607.119
MinimumVisualStudioVersion = 10.0.40219.1
Project("{9A19103F-16F7-4668-BE54-9A1E7A4F7556}") = "MinimalAPI", "MinimalAPI.csproj", "{9578581A-9B49-42CA-9E8F-D35D9283D061}"
EndProject
Global
	GlobalSection(SolutionConfigurationPlatforms) = preSolution
		Debug|Any CPU = Debug|Any CPU
		Release|Any CPU = Release|Any CPU
	EndGlobalSection
	GlobalSection(ProjectConfigurationPlatforms) = postSolution
		{9578581A-9B49-42CA-9E8F-D35D9283D061}.Debug|Any CPU.ActiveCfg = Debug|Any CPU
		{9578581A-9B49-42CA-9E8F-D35D9283D061}.Debug|Any CPU.Build.0 = Debug|Any CPU
		{9578581A-9B49-42CA-9E8F-D35D9283D061}.Release|Any CPU.ActiveCfg = Release|Any CPU
		{9578581A-9B49-42CA-9E8F-D35D9283D061}.Release|Any CPU.Build.0 = Release|Any CPU
	EndGlobalSection
	GlobalSection(SolutionProperties) = preSolution
		HideSolutionNode = FALSE
	EndGlobalSection
	GlobalSection(ExtensibilityGlobals) = postSolution
		SolutionGuid = {6D8C08FD-BD06-4A64-8001-AF9DFAE70618}
	EndGlobalSection
EndGlobal
